
Microsoft Visual Studio Solution File, Format Version 12.00
# Visual Studio Version 17
VisualStudioVersion = 17.8.34330.188
MinimumVisualStudioVersion = 10.0.40219.1
Project("{8BC9CEB8-8B4A-11D0-8D11-00A0C91BC942}") = "Smeenk_MA2", "Smeenk_MA2.vcxproj", "{369351E8-BECD-4A00-B071-0A05E197EC3E}"
EndProject
Global
	GlobalSection(SolutionConfigurationPlatforms) = preSolution
		Debug|x64 = Debug|x64
		Debug|x86 = Debug|x86
		Release|x64 = Release|x64
		Release|x86 = Release|x86
	EndGlobalSection
	GlobalSection(ProjectConfigurationPlatforms) = postSolution
		{369351E8-BECD-4A00-B071-0A05E197EC3E}.Debug|x64.ActiveCfg = Debug|x64
		{369351E8-BECD-4A00-B071-0A05E197EC3E}.Debug|x64.Build.0 = Debug|x64
		{369351E8-BECD-4A00-B071-0A05E197EC3E}.Debug|x86.ActiveCfg = Debug|Win32
		{369351E8-BECD-4A00-B071-0A05E197EC3E}.Debug|x86.Build.0 = Debug|Win32
		{369351E8-BECD-4A00-B071-0A05E197EC3E}.Release|x64.ActiveCfg = Release|x64
		{369351E8-BECD-4A00-B071-0A05E197EC3E}.Release|x64.Build.0 = Release|x64
		{369351E8-BECD-4A00-B071-0A05E197EC3E}.Release|x86.ActiveCfg = Release|Win32
		{369351E8-BECD-4A00-B071-0A05E197EC3E}.Release|x86.Build.0 = Release|Win32
	EndGlobalSection
	GlobalSection(SolutionProperties) = preSolution
		HideSolutionNode = FALSE
	EndGlobalSection
	GlobalSection(ExtensibilityGlobals) = postSolution
		SolutionGuid = {20D3B1C0-1A03-4C01-993C-B9F9608EA33B}
	EndGlobalSection
EndGlobal
